
Microsoft Visual Studio Solution File, Format Version 12.00
# Visual Studio Version 16
VisualStudioVersion = 16.0.30611.23
MinimumVisualStudioVersion = 10.0.40219.1
Project("{FAE04EC0-301F-11D3-BF4B-00C04F79EFBC}") = "Adsbility.Api", "Adsbility.Api.csproj", "{20B53D27-BC46-40B5-89FE-CA152F9A0CEB}"
EndProject
Project("{FAE04EC0-301F-11D3-BF4B-00C04F79EFBC}") = "Adsbility.Domain", "..\Adsbility.Domain\Adsbility.Domain.csproj", "{529DF667-60CB-49D6-89B7-E62A4FC4B5C7}"
EndProject
Project("{FAE04EC0-301F-11D3-BF4B-00C04F79EFBC}") = "Adsbility.Appilication", "..\Adsbility.Appilication\Adsbility.Appilication.csproj", "{04B462BA-CD31-4D6F-8337-3E727024DBBE}"
EndProject
Project("{FAE04EC0-301F-11D3-BF4B-00C04F79EFBC}") = "Adsbility.Infrastructure", "..\Adsbility.Infrastructure\Adsbility.Infrastructure.csproj", "{55DE40A3-CDBA-4641-8CEA-35A046AB62D4}"
EndProject
Global
	GlobalSection(SolutionConfigurationPlatforms) = preSolution
		Debug|Any CPU = Debug|Any CPU
		Release|Any CPU = Release|Any CPU
	EndGlobalSection
	GlobalSection(ProjectConfigurationPlatforms) = postSolution
		{20B53D27-BC46-40B5-89FE-CA152F9A0CEB}.Debug|Any CPU.ActiveCfg = Debug|Any CPU
		{20B53D27-BC46-40B5-89FE-CA152F9A0CEB}.Debug|Any CPU.Build.0 = Debug|Any CPU
		{20B53D27-BC46-40B5-89FE-CA152F9A0CEB}.Release|Any CPU.ActiveCfg = Release|Any CPU
		{20B53D27-BC46-40B5-89FE-CA152F9A0CEB}.Release|Any CPU.Build.0 = Release|Any CPU
		{529DF667-60CB-49D6-89B7-E62A4FC4B5C7}.Debug|Any CPU.ActiveCfg = Debug|Any CPU
		{529DF667-60CB-49D6-89B7-E62A4FC4B5C7}.Debug|Any CPU.Build.0 = Debug|Any CPU
		{529DF667-60CB-49D6-89B7-E62A4FC4B5C7}.Release|Any CPU.ActiveCfg = Release|Any CPU
		{529DF667-60CB-49D6-89B7-E62A4FC4B5C7}.Release|Any CPU.Build.0 = Release|Any CPU
		{04B462BA-CD31-4D6F-8337-3E727024DBBE}.Debug|Any CPU.ActiveCfg = Debug|Any CPU
		{04B462BA-CD31-4D6F-8337-3E727024DBBE}.Debug|Any CPU.Build.0 = Debug|Any CPU
		{04B462BA-CD31-4D6F-8337-3E727024DBBE}.Release|Any CPU.ActiveCfg = Release|Any CPU
		{04B462BA-CD31-4D6F-8337-3E727024DBBE}.Release|Any CPU.Build.0 = Release|Any CPU
		{55DE40A3-CDBA-4641-8CEA-35A046AB62D4}.Debug|Any CPU.ActiveCfg = Debug|Any CPU
		{55DE40A3-CDBA-4641-8CEA-35A046AB62D4}.Debug|Any CPU.Build.0 = Debug|Any CPU
		{55DE40A3-CDBA-4641-8CEA-35A046AB62D4}.Release|Any CPU.ActiveCfg = Release|Any CPU
		{55DE40A3-CDBA-4641-8CEA-35A046AB62D4}.Release|Any CPU.Build.0 = Release|Any CPU
	EndGlobalSection
	GlobalSection(SolutionProperties) = preSolution
		HideSolutionNode = FALSE
	EndGlobalSection
	GlobalSection(ExtensibilityGlobals) = postSolution
		SolutionGuid = {7621CD1C-FE9A-4CED-AD83-CD1FA44B9707}
	EndGlobalSection
EndGlobal
